
Microsoft Visual Studio Solution File, Format Version 12.00
# Visual Studio 15
VisualStudioVersion = 15.0.27428.2011
MinimumVisualStudioVersion = 10.0.40219.1
Project("{9A19103F-16F7-4668-BE54-9A1E7A4F7556}") = "AMcom.Teste.WebApi", "src\AMcom.Teste.WebApi\AMcom.Teste.WebApi.csproj", "{4A87A717-A9D5-4E1C-AF5D-64366FEDBF97}"
EndProject
Project("{2150E333-8FDC-42A3-9474-1A3956D46DE8}") = "src", "src", "{9AB9AA44-4ECF-4354-8CCC-849020E869CD}"
EndProject
Project("{2150E333-8FDC-42A3-9474-1A3956D46DE8}") = "test", "test", "{01A13A2D-EDEB-4654-9448-F993AB961424}"
	ProjectSection(SolutionItems) = preProject
		test\AMcom.Teste.Service.Tests\Class1.cs = test\AMcom.Teste.Service.Tests\Class1.cs
	EndProjectSection
EndProject
Project("{FAE04EC0-301F-11D3-BF4B-00C04F79EFBC}") = "AMcom.Teste.Service", "src\AMcom.Teste.Service\AMcom.Teste.Service.csproj", "{560713A3-EDDE-4DF4-B16D-9BDC950FEB6F}"
EndProject
Project("{FAE04EC0-301F-11D3-BF4B-00C04F79EFBC}") = "AMcom.Teste.DAL", "src\AMcom.Teste.DAL\AMcom.Teste.DAL.csproj", "{18C546D3-937B-44E0-AD44-F0B032752D2F}"
EndProject
Project("{FAE04EC0-301F-11D3-BF4B-00C04F79EFBC}") = "AMcom.Teste.Service.Tests", "test\AMcom.Teste.Service.Tests\AMcom.Teste.Service.Tests.csproj", "{44917C84-4DD1-4C94-8AF0-910E8FE0E10C}"
EndProject
Project("{FAE04EC0-301F-11D3-BF4B-00C04F79EFBC}") = "AMcom.Teste.Ioc", "src\AMcom.Teste.Ioc\AMcom.Teste.Ioc.csproj", "{0F2B3649-1DAF-4886-8F71-32B1F490402F}"
EndProject
Global
	GlobalSection(SolutionConfigurationPlatforms) = preSolution
		Debug|Any CPU = Debug|Any CPU
		Release|Any CPU = Release|Any CPU
	EndGlobalSection
	GlobalSection(ProjectConfigurationPlatforms) = postSolution
		{4A87A717-A9D5-4E1C-AF5D-64366FEDBF97}.Debug|Any CPU.ActiveCfg = Debug|Any CPU
		{4A87A717-A9D5-4E1C-AF5D-64366FEDBF97}.Debug|Any CPU.Build.0 = Debug|Any CPU
		{4A87A717-A9D5-4E1C-AF5D-64366FEDBF97}.Release|Any CPU.ActiveCfg = Release|Any CPU
		{4A87A717-A9D5-4E1C-AF5D-64366FEDBF97}.Release|Any CPU.Build.0 = Release|Any CPU
		{560713A3-EDDE-4DF4-B16D-9BDC950FEB6F}.Debug|Any CPU.ActiveCfg = Debug|Any CPU
		{560713A3-EDDE-4DF4-B16D-9BDC950FEB6F}.Debug|Any CPU.Build.0 = Debug|Any CPU
		{560713A3-EDDE-4DF4-B16D-9BDC950FEB6F}.Release|Any CPU.ActiveCfg = Release|Any CPU
		{560713A3-EDDE-4DF4-B16D-9BDC950FEB6F}.Release|Any CPU.Build.0 = Release|Any CPU
		{18C546D3-937B-44E0-AD44-F0B032752D2F}.Debug|Any CPU.ActiveCfg = Debug|Any CPU
		{18C546D3-937B-44E0-AD44-F0B032752D2F}.Debug|Any CPU.Build.0 = Debug|Any CPU
		{18C546D3-937B-44E0-AD44-F0B032752D2F}.Release|Any CPU.ActiveCfg = Release|Any CPU
		{18C546D3-937B-44E0-AD44-F0B032752D2F}.Release|Any CPU.Build.0 = Release|Any CPU
		{44917C84-4DD1-4C94-8AF0-910E8FE0E10C}.Debug|Any CPU.ActiveCfg = Debug|Any CPU
		{44917C84-4DD1-4C94-8AF0-910E8FE0E10C}.Debug|Any CPU.Build.0 = Debug|Any CPU
		{44917C84-4DD1-4C94-8AF0-910E8FE0E10C}.Release|Any CPU.ActiveCfg = Release|Any CPU
		{44917C84-4DD1-4C94-8AF0-910E8FE0E10C}.Release|Any CPU.Build.0 = Release|Any CPU
		{0F2B3649-1DAF-4886-8F71-32B1F490402F}.Debug|Any CPU.ActiveCfg = Debug|Any CPU
		{0F2B3649-1DAF-4886-8F71-32B1F490402F}.Debug|Any CPU.Build.0 = Debug|Any CPU
		{0F2B3649-1DAF-4886-8F71-32B1F490402F}.Release|Any CPU.ActiveCfg = Release|Any CPU
		{0F2B3649-1DAF-4886-8F71-32B1F490402F}.Release|Any CPU.Build.0 = Release|Any CPU
	EndGlobalSection
	GlobalSection(SolutionProperties) = preSolution
		HideSolutionNode = FALSE
	EndGlobalSection
	GlobalSection(NestedProjects) = preSolution
		{4A87A717-A9D5-4E1C-AF5D-64366FEDBF97} = {9AB9AA44-4ECF-4354-8CCC-849020E869CD}
		{560713A3-EDDE-4DF4-B16D-9BDC950FEB6F} = {9AB9AA44-4ECF-4354-8CCC-849020E869CD}
		{18C546D3-937B-44E0-AD44-F0B032752D2F} = {9AB9AA44-4ECF-4354-8CCC-849020E869CD}
		{44917C84-4DD1-4C94-8AF0-910E8FE0E10C} = {01A13A2D-EDEB-4654-9448-F993AB961424}
		{0F2B3649-1DAF-4886-8F71-32B1F490402F} = {9AB9AA44-4ECF-4354-8CCC-849020E869CD}
	EndGlobalSection
	GlobalSection(ExtensibilityGlobals) = postSolution
		SolutionGuid = {757D6B6C-366A-4548-B36D-D7C69C6121C7}
	EndGlobalSection
	GlobalSection(MonoDevelopProperties) = preSolution
		Policies = $0
		$0.DotNetNamingPolicy = $1
		$1.DirectoryNamespaceAssociation = PrefixedHierarchical
	EndGlobalSection
EndGlobal
